{
  "version": 4,
  "terraform_version": "1.0.9",
  "serial": 176,
  "lineage": "666f9d06-135e-fcaa-7798-42ba8ecdd3d2",
  "outputs": {
    "Master-IPS": {
      "value": [
        [
          "192.168.3.128"
        ]
      ],
      "type": [
        "tuple",
        [
          [
            "tuple",
            [
              "string"
            ]
          ]
        ]
      ]
    },
    "worker-IPS": {
      "value": [
        [
          "192.168.3.129",
          "192.168.3.130"
        ]
      ],
      "type": [
        "tuple",
        [
          [
            "tuple",
            [
              "string",
              "string"
            ]
          ]
        ]
      ]
    }
  },
  "resources": [
    {
      "mode": "data",
      "type": "template_file",
      "name": "k8s",
      "provider": "provider[\"registry.terraform.io/hashicorp/template\"]",
      "instances": [
        {
          "schema_version": 0,
          "attributes": {
            "filename": null,
            "id": "dd02d8eea92dd12e42fe81b4137834b241a333dedb4597bf4f4c440af0415992",
            "rendered": "[master]\n192.168.3.128 ansible_ssh_private_key_file=~/.ssh/id_rsa ansible_user=ubuntu\n\n[node]\n192.168.3.129 ansible_ssh_private_key_file=~/.ssh/id_rsa ansible_user=ubuntu\n192.168.3.130 ansible_ssh_private_key_file=~/.ssh/id_rsa ansible_user=ubuntu\n\n[k8s_cluster:children]\nmaster\nnode",
            "template": "[master]\n${k8s_master_ip}\n\n[node]\n${k8s_node_ip}\n\n[k8s_cluster:children]\nmaster\nnode",
            "vars": {
              "k8s_master_ip": "192.168.3.128 ansible_ssh_private_key_file=~/.ssh/id_rsa ansible_user=ubuntu",
              "k8s_node_ip": "192.168.3.129 ansible_ssh_private_key_file=~/.ssh/id_rsa ansible_user=ubuntu\n192.168.3.130 ansible_ssh_private_key_file=~/.ssh/id_rsa ansible_user=ubuntu"
            }
          },
          "sensitive_attributes": []
        }
      ]
    },
    {
      "mode": "managed",
      "type": "local_file",
      "name": "k8s_file",
      "provider": "provider[\"registry.terraform.io/hashicorp/local\"]",
      "instances": [
        {
          "schema_version": 0,
          "attributes": {
            "content": "[master]\n192.168.3.128 ansible_ssh_private_key_file=~/.ssh/id_rsa ansible_user=ubuntu\n\n[node]\n192.168.3.129 ansible_ssh_private_key_file=~/.ssh/id_rsa ansible_user=ubuntu\n192.168.3.130 ansible_ssh_private_key_file=~/.ssh/id_rsa ansible_user=ubuntu\n\n[k8s_cluster:children]\nmaster\nnode",
            "content_base64": null,
            "directory_permission": "0777",
            "file_permission": "0777",
            "filename": "../ansible/inventory/hosts.ini",
            "id": "f8bfefddcd22febfaff5f52eb7a4aaa2ebf8996e",
            "sensitive_content": null,
            "source": null
          },
          "sensitive_attributes": [],
          "private": "bnVsbA==",
          "dependencies": [
            "data.template_file.k8s",
            "proxmox_vm_qemu.k8s_master",
            "proxmox_vm_qemu.k8s_worker",
            "random_string.random"
          ]
        }
      ]
    },
    {
      "mode": "managed",
      "type": "proxmox_vm_qemu",
      "name": "k8s_master",
      "provider": "provider[\"registry.terraform.io/telmate/proxmox\"]",
      "instances": [
        {
          "index_key": 0,
          "schema_version": 0,
          "attributes": {
            "additional_wait": 15,
            "agent": 1,
            "args": "",
            "balloon": 0,
            "bios": "seabios",
            "boot": "cdn",
            "bootdisk": "scsi0",
            "bridge": "",
            "ci_wait": null,
            "cicustom": "",
            "cipassword": "",
            "ciuser": "",
            "clone": "ubuntu-template",
            "clone_wait": 15,
            "cloudinit_cdrom_storage": null,
            "cores": 4,
            "cpu": "host",
            "default_ipv4_address": "192.168.3.128",
            "define_connection_info": true,
            "desc": "",
            "disk": [
              {
                "backup": 0,
                "cache": "none",
                "discard": "",
                "file": "104/vm-104-disk-0.raw",
                "format": "raw",
                "iothread": 1,
                "mbps": 0,
                "mbps_rd": 0,
                "mbps_rd_max": 0,
                "mbps_wr": 0,
                "mbps_wr_max": 0,
                "media": "",
                "replicate": 0,
                "size": "15G",
                "slot": 0,
                "ssd": 0,
                "storage": "k8s",
                "storage_type": "dir",
                "type": "scsi",
                "volume": "k8s:104/vm-104-disk-0.raw"
              }
            ],
            "disk_gb": 0,
            "force_create": false,
            "force_recreate_on_change_of": null,
            "full_clone": true,
            "guest_agent_ready_timeout": 600,
            "hastate": "",
            "hotplug": "network,disk,usb",
            "id": "server1/qemu/104",
            "ipconfig0": "ip=192.168.3.128/24,gw=192.168.3.1",
            "ipconfig1": "",
            "ipconfig2": "",
            "ipconfig3": "",
            "ipconfig4": "",
            "ipconfig5": "",
            "iso": null,
            "kvm": true,
            "mac": "",
            "memory": 4096,
            "name": "k8s-mst-ujFwO-1",
            "nameserver": "",
            "network": [
              {
                "bridge": "vmbr0",
                "firewall": false,
                "link_down": false,
                "macaddr": "82:6A:0D:96:00:F7",
                "model": "virtio",
                "queues": 0,
                "rate": 0,
                "tag": -1
              }
            ],
            "nic": "",
            "numa": false,
            "onboot": true,
            "os_network_config": null,
            "os_type": "cloud-init",
            "pool": "",
            "preprovision": true,
            "qemu_os": "other",
            "reboot_required": false,
            "scsihw": "virtio-scsi-pci",
            "searchdomain": "",
            "serial": [],
            "sockets": 1,
            "ssh_forward_ip": null,
            "ssh_host": "192.168.3.128",
            "ssh_port": "22",
            "ssh_private_key": null,
            "ssh_user": null,
            "sshkeys": "ssh-rsa AAAAB3NzaC1yc2EAAAADAQABAAABgQDQNwogs3O8Hge25CuzRmIP1ZOSv2jEAZ2qo6G4sDIdYa/BCY0ZHmU1+kOnbh3DhgbdivGIlxWYNdsUF3RjRBVP7VxO284V6S7Fi70ih9lnZL+gIcCtqmFhx4aRJbrJ7dDv0YlpbiE5lboTynsBxmYlSijBlDpLDw8Z/MSpeVu3VgK9aJpcjpx+gyN7TIUAexhFogqdLzXPMd/rcOcwU1VkcT+Yy/6+DndyTdoNVb+gAfC4IAe5v7eLHwP9M8aGyaMSRZzbCQiO46wxyuFjCCrnTtD4r2EKiEYWhMoUY+Ef1d9waOJFrMFKs/e3HvFM1rsMgOcKOR6ADXoxu42PjQvab4GorZSQ5Xtu/mD6KKTNHf5buss9qvgvYR6KPF4JPvDGN/d3UY/ivUHMCDpcS4tC91fkWHhEC+V+g9n6UY4OiXo4qmt/KG8/kcWLglyyWzeJNr+h8N9gYXAqh9EZnnGA08p3BAwe7srNZuzQvxK9/DJ/F20ddM256EQByFWI980= erickrog@erickrog-ROG-Zephyrus-G15-GA503QM-GA503QM\n\n",
            "storage": "",
            "storage_type": "",
            "tags": "",
            "target_node": "server1",
            "unused_disk": [],
            "vcpus": 0,
            "vga": [],
            "vlan": -1,
            "vmid": null
          },
          "sensitive_attributes": [],
          "private": "bnVsbA==",
          "dependencies": [
            "random_string.random"
          ]
        }
      ]
    },
    {
      "mode": "managed",
      "type": "proxmox_vm_qemu",
      "name": "k8s_worker",
      "provider": "provider[\"registry.terraform.io/telmate/proxmox\"]",
      "instances": [
        {
          "index_key": 0,
          "schema_version": 0,
          "attributes": {
            "additional_wait": 15,
            "agent": 1,
            "args": "",
            "balloon": 0,
            "bios": "seabios",
            "boot": "cdn",
            "bootdisk": "scsi0",
            "bridge": "",
            "ci_wait": null,
            "cicustom": "",
            "cipassword": "",
            "ciuser": "",
            "clone": "ubuntu-template",
            "clone_wait": 15,
            "cloudinit_cdrom_storage": null,
            "cores": 2,
            "cpu": "host",
            "default_ipv4_address": "192.168.3.129",
            "define_connection_info": true,
            "desc": "",
            "disk": [
              {
                "backup": 0,
                "cache": "none",
                "discard": "",
                "file": "105/vm-105-disk-0.raw",
                "format": "raw",
                "iothread": 1,
                "mbps": 0,
                "mbps_rd": 0,
                "mbps_rd_max": 0,
                "mbps_wr": 0,
                "mbps_wr_max": 0,
                "media": "",
                "replicate": 0,
                "size": "15G",
                "slot": 0,
                "ssd": 0,
                "storage": "k8s",
                "storage_type": "dir",
                "type": "scsi",
                "volume": "k8s:105/vm-105-disk-0.raw"
              }
            ],
            "disk_gb": 0,
            "force_create": false,
            "force_recreate_on_change_of": null,
            "full_clone": true,
            "guest_agent_ready_timeout": 600,
            "hastate": "",
            "hotplug": "network,disk,usb",
            "id": "server1/qemu/105",
            "ipconfig0": "ip=192.168.3.129/24,gw=192.168.3.1",
            "ipconfig1": "",
            "ipconfig2": "",
            "ipconfig3": "",
            "ipconfig4": "",
            "ipconfig5": "",
            "iso": null,
            "kvm": true,
            "mac": "",
            "memory": 2048,
            "name": "k8s-wrk-BfLtJ-1",
            "nameserver": "",
            "network": [
              {
                "bridge": "vmbr0",
                "firewall": false,
                "link_down": false,
                "macaddr": "2A:33:A4:CE:B0:BF",
                "model": "virtio",
                "queues": 0,
                "rate": 0,
                "tag": -1
              }
            ],
            "nic": "",
            "numa": false,
            "onboot": true,
            "os_network_config": null,
            "os_type": "cloud-init",
            "pool": "",
            "preprovision": true,
            "qemu_os": "other",
            "reboot_required": false,
            "scsihw": "virtio-scsi-pci",
            "searchdomain": "",
            "serial": [],
            "sockets": 1,
            "ssh_forward_ip": null,
            "ssh_host": "192.168.3.129",
            "ssh_port": "22",
            "ssh_private_key": null,
            "ssh_user": null,
            "sshkeys": "ssh-rsa AAAAB3NzaC1yc2EAAAADAQABAAABgQDQNwogs3O8Hge25CuzRmIP1ZOSv2jEAZ2qo6G4sDIdYa/BCY0ZHmU1+kOnbh3DhgbdivGIlxWYNdsUF3RjRBVP7VxO284V6S7Fi70ih9lnZL+gIcCtqmFhx4aRJbrJ7dDv0YlpbiE5lboTynsBxmYlSijBlDpLDw8Z/MSpeVu3VgK9aJpcjpx+gyN7TIUAexhFogqdLzXPMd/rcOcwU1VkcT+Yy/6+DndyTdoNVb+gAfC4IAe5v7eLHwP9M8aGyaMSRZzbCQiO46wxyuFjCCrnTtD4r2EKiEYWhMoUY+Ef1d9waOJFrMFKs/e3HvFM1rsMgOcKOR6ADXoxu42PjQvab4GorZSQ5Xtu/mD6KKTNHf5buss9qvgvYR6KPF4JPvDGN/d3UY/ivUHMCDpcS4tC91fkWHhEC+V+g9n6UY4OiXo4qmt/KG8/kcWLglyyWzeJNr+h8N9gYXAqh9EZnnGA08p3BAwe7srNZuzQvxK9/DJ/F20ddM256EQByFWI980= erickrog@erickrog-ROG-Zephyrus-G15-GA503QM-GA503QM\n\n",
            "storage": "",
            "storage_type": "",
            "tags": "",
            "target_node": "server1",
            "unused_disk": [],
            "vcpus": 0,
            "vga": [],
            "vlan": -1,
            "vmid": null
          },
          "sensitive_attributes": [],
          "private": "bnVsbA==",
          "dependencies": [
            "random_string.random"
          ]
        },
        {
          "index_key": 1,
          "schema_version": 0,
          "attributes": {
            "additional_wait": 15,
            "agent": 1,
            "args": "",
            "balloon": 0,
            "bios": "seabios",
            "boot": "cdn",
            "bootdisk": "scsi0",
            "bridge": "",
            "ci_wait": null,
            "cicustom": "",
            "cipassword": "",
            "ciuser": "",
            "clone": "ubuntu-template",
            "clone_wait": 15,
            "cloudinit_cdrom_storage": null,
            "cores": 2,
            "cpu": "host",
            "default_ipv4_address": "192.168.3.130",
            "define_connection_info": true,
            "desc": "",
            "disk": [
              {
                "backup": 0,
                "cache": "none",
                "discard": "",
                "file": "103/vm-103-disk-0.raw",
                "format": "raw",
                "iothread": 1,
                "mbps": 0,
                "mbps_rd": 0,
                "mbps_rd_max": 0,
                "mbps_wr": 0,
                "mbps_wr_max": 0,
                "media": "",
                "replicate": 0,
                "size": "15G",
                "slot": 0,
                "ssd": 0,
                "storage": "k8s",
                "storage_type": "dir",
                "type": "scsi",
                "volume": "k8s:103/vm-103-disk-0.raw"
              }
            ],
            "disk_gb": 0,
            "force_create": false,
            "force_recreate_on_change_of": null,
            "full_clone": true,
            "guest_agent_ready_timeout": 600,
            "hastate": "",
            "hotplug": "network,disk,usb",
            "id": "server1/qemu/103",
            "ipconfig0": "ip=192.168.3.130/24,gw=192.168.3.1",
            "ipconfig1": "",
            "ipconfig2": "",
            "ipconfig3": "",
            "ipconfig4": "",
            "ipconfig5": "",
            "iso": null,
            "kvm": true,
            "mac": "",
            "memory": 2048,
            "name": "k8s-wrk-Drzmb-2",
            "nameserver": "",
            "network": [
              {
                "bridge": "vmbr0",
                "firewall": false,
                "link_down": false,
                "macaddr": "CE:2C:60:A2:10:B0",
                "model": "virtio",
                "queues": 0,
                "rate": 0,
                "tag": -1
              }
            ],
            "nic": "",
            "numa": false,
            "onboot": true,
            "os_network_config": null,
            "os_type": "cloud-init",
            "pool": "",
            "preprovision": true,
            "qemu_os": "other",
            "reboot_required": false,
            "scsihw": "virtio-scsi-pci",
            "searchdomain": "",
            "serial": [],
            "sockets": 1,
            "ssh_forward_ip": null,
            "ssh_host": "192.168.3.130",
            "ssh_port": "22",
            "ssh_private_key": null,
            "ssh_user": null,
            "sshkeys": "ssh-rsa AAAAB3NzaC1yc2EAAAADAQABAAABgQDQNwogs3O8Hge25CuzRmIP1ZOSv2jEAZ2qo6G4sDIdYa/BCY0ZHmU1+kOnbh3DhgbdivGIlxWYNdsUF3RjRBVP7VxO284V6S7Fi70ih9lnZL+gIcCtqmFhx4aRJbrJ7dDv0YlpbiE5lboTynsBxmYlSijBlDpLDw8Z/MSpeVu3VgK9aJpcjpx+gyN7TIUAexhFogqdLzXPMd/rcOcwU1VkcT+Yy/6+DndyTdoNVb+gAfC4IAe5v7eLHwP9M8aGyaMSRZzbCQiO46wxyuFjCCrnTtD4r2EKiEYWhMoUY+Ef1d9waOJFrMFKs/e3HvFM1rsMgOcKOR6ADXoxu42PjQvab4GorZSQ5Xtu/mD6KKTNHf5buss9qvgvYR6KPF4JPvDGN/d3UY/ivUHMCDpcS4tC91fkWHhEC+V+g9n6UY4OiXo4qmt/KG8/kcWLglyyWzeJNr+h8N9gYXAqh9EZnnGA08p3BAwe7srNZuzQvxK9/DJ/F20ddM256EQByFWI980= erickrog@erickrog-ROG-Zephyrus-G15-GA503QM-GA503QM\n\n",
            "storage": "",
            "storage_type": "",
            "tags": "",
            "target_node": "server1",
            "unused_disk": [],
            "vcpus": 0,
            "vga": [],
            "vlan": -1,
            "vmid": null
          },
          "sensitive_attributes": [],
          "private": "bnVsbA==",
          "dependencies": [
            "random_string.random"
          ]
        }
      ]
    },
    {
      "mode": "managed",
      "type": "random_string",
      "name": "random",
      "provider": "provider[\"registry.terraform.io/hashicorp/random\"]",
      "instances": [
        {
          "index_key": 0,
          "schema_version": 1,
          "attributes": {
            "id": "ujFwO",
            "keepers": null,
            "length": 5,
            "lower": true,
            "min_lower": 0,
            "min_numeric": 0,
            "min_special": 0,
            "min_upper": 0,
            "number": false,
            "override_special": null,
            "result": "ujFwO",
            "special": false,
            "upper": true
          },
          "sensitive_attributes": [],
          "private": "eyJzY2hlbWFfdmVyc2lvbiI6IjEifQ=="
        },
        {
          "index_key": 1,
          "schema_version": 1,
          "attributes": {
            "id": "BfLtJ",
            "keepers": null,
            "length": 5,
            "lower": true,
            "min_lower": 0,
            "min_numeric": 0,
            "min_special": 0,
            "min_upper": 0,
            "number": false,
            "override_special": null,
            "result": "BfLtJ",
            "special": false,
            "upper": true
          },
          "sensitive_attributes": [],
          "private": "eyJzY2hlbWFfdmVyc2lvbiI6IjEifQ=="
        },
        {
          "index_key": 2,
          "schema_version": 1,
          "attributes": {
            "id": "Drzmb",
            "keepers": null,
            "length": 5,
            "lower": true,
            "min_lower": 0,
            "min_numeric": 0,
            "min_special": 0,
            "min_upper": 0,
            "number": false,
            "override_special": null,
            "result": "Drzmb",
            "special": false,
            "upper": true
          },
          "sensitive_attributes": [],
          "private": "eyJzY2hlbWFfdmVyc2lvbiI6IjEifQ=="
        }
      ]
    }
  ]
}
